
Microsoft Visual Studio Solution File, Format Version 12.00
# Visual Studio Version 17
VisualStudioVersion = 17.7.34202.233
MinimumVisualStudioVersion = 10.0.40219.1
Project("{9A19103F-16F7-4668-BE54-9A1E7A4F7556}") = "LibraryProject", "LibraryProject\LibraryProject.csproj", "{441B2A4A-3A93-40F2-8B22-295957BE0075}"
EndProject
Global
	GlobalSection(SolutionConfigurationPlatforms) = preSolution
		Debug|Any CPU = Debug|Any CPU
		Release|Any CPU = Release|Any CPU
	EndGlobalSection
	GlobalSection(ProjectConfigurationPlatforms) = postSolution
		{441B2A4A-3A93-40F2-8B22-295957BE0075}.Debug|Any CPU.ActiveCfg = Debug|Any CPU
		{441B2A4A-3A93-40F2-8B22-295957BE0075}.Debug|Any CPU.Build.0 = Debug|Any CPU
		{441B2A4A-3A93-40F2-8B22-295957BE0075}.Release|Any CPU.ActiveCfg = Release|Any CPU
		{441B2A4A-3A93-40F2-8B22-295957BE0075}.Release|Any CPU.Build.0 = Release|Any CPU
	EndGlobalSection
	GlobalSection(SolutionProperties) = preSolution
		HideSolutionNode = FALSE
	EndGlobalSection
	GlobalSection(ExtensibilityGlobals) = postSolution
		SolutionGuid = {10260535-DB2A-492F-8753-3BA0034952DF}
	EndGlobalSection
EndGlobal
